
Microsoft Visual Studio Solution File, Format Version 12.00
# Visual Studio Version 16
VisualStudioVersion = 16.0.31321.278
MinimumVisualStudioVersion = 10.0.40219.1
Project("{FAE04EC0-301F-11D3-BF4B-00C04F79EFBC}") = "squareChaser", "squareChaser\squareChaser.csproj", "{1D444438-82C0-4B2D-988F-1E430931BFF1}"
EndProject
Global
	GlobalSection(SolutionConfigurationPlatforms) = preSolution
		Debug|Any CPU = Debug|Any CPU
		Release|Any CPU = Release|Any CPU
	EndGlobalSection
	GlobalSection(ProjectConfigurationPlatforms) = postSolution
		{1D444438-82C0-4B2D-988F-1E430931BFF1}.Debug|Any CPU.ActiveCfg = Debug|Any CPU
		{1D444438-82C0-4B2D-988F-1E430931BFF1}.Debug|Any CPU.Build.0 = Debug|Any CPU
		{1D444438-82C0-4B2D-988F-1E430931BFF1}.Release|Any CPU.ActiveCfg = Release|Any CPU
		{1D444438-82C0-4B2D-988F-1E430931BFF1}.Release|Any CPU.Build.0 = Release|Any CPU
	EndGlobalSection
	GlobalSection(SolutionProperties) = preSolution
		HideSolutionNode = FALSE
	EndGlobalSection
	GlobalSection(ExtensibilityGlobals) = postSolution
		SolutionGuid = {24F7D438-DC7E-4E76-BB07-DF2D57D6B5BD}
	EndGlobalSection
EndGlobal
